
Microsoft Visual Studio Solution File, Format Version 12.00
# Visual Studio 14
VisualStudioVersion = 14.0.24720.0
MinimumVisualStudioVersion = 10.0.40219.1
Project("{FAE04EC0-301F-11D3-BF4B-00C04F79EFBC}") = "Printer", "Printer\Printer.csproj", "{FAC46FC4-DB2A-400E-9B06-C677BF30A69C}"
EndProject
Project("{FAE04EC0-301F-11D3-BF4B-00C04F79EFBC}") = "DiningRoom", "DiningRoom\DiningRoom.csproj", "{1EEF6A4D-2156-4552-9A08-DDE1532A5174}"
	ProjectSection(ProjectDependencies) = postProject
		{0068EA4E-0715-45D9-9E10-298668BFB6A0} = {0068EA4E-0715-45D9-9E10-298668BFB6A0}
	EndProjectSection
EndProject
Project("{FAE04EC0-301F-11D3-BF4B-00C04F79EFBC}") = "Server", "Server\Server.csproj", "{33B1EB22-CDE6-4130-B1B5-D6616E69EEBC}"
EndProject
Project("{FAE04EC0-301F-11D3-BF4B-00C04F79EFBC}") = "Payments", "Payments\Payments.csproj", "{02C003E4-AD51-42AF-9CC0-88256E567557}"
EndProject
Project("{FAE04EC0-301F-11D3-BF4B-00C04F79EFBC}") = "RemoteObject", "RemoteObject\RemoteObject.csproj", "{0068EA4E-0715-45D9-9E10-298668BFB6A0}"
EndProject
Project("{FAE04EC0-301F-11D3-BF4B-00C04F79EFBC}") = "BarKitchen", "BarKitchen\BarKitchen.csproj", "{06F1D87C-776A-490E-8970-D96136D5D654}"
EndProject
Global
	GlobalSection(SolutionConfigurationPlatforms) = preSolution
		Debug|Any CPU = Debug|Any CPU
		Release|Any CPU = Release|Any CPU
	EndGlobalSection
	GlobalSection(ProjectConfigurationPlatforms) = postSolution
		{FAC46FC4-DB2A-400E-9B06-C677BF30A69C}.Debug|Any CPU.ActiveCfg = Debug|Any CPU
		{FAC46FC4-DB2A-400E-9B06-C677BF30A69C}.Debug|Any CPU.Build.0 = Debug|Any CPU
		{FAC46FC4-DB2A-400E-9B06-C677BF30A69C}.Release|Any CPU.ActiveCfg = Release|Any CPU
		{FAC46FC4-DB2A-400E-9B06-C677BF30A69C}.Release|Any CPU.Build.0 = Release|Any CPU
		{1EEF6A4D-2156-4552-9A08-DDE1532A5174}.Debug|Any CPU.ActiveCfg = Debug|Any CPU
		{1EEF6A4D-2156-4552-9A08-DDE1532A5174}.Debug|Any CPU.Build.0 = Debug|Any CPU
		{1EEF6A4D-2156-4552-9A08-DDE1532A5174}.Release|Any CPU.ActiveCfg = Release|Any CPU
		{1EEF6A4D-2156-4552-9A08-DDE1532A5174}.Release|Any CPU.Build.0 = Release|Any CPU
		{33B1EB22-CDE6-4130-B1B5-D6616E69EEBC}.Debug|Any CPU.ActiveCfg = Debug|Any CPU
		{33B1EB22-CDE6-4130-B1B5-D6616E69EEBC}.Debug|Any CPU.Build.0 = Debug|Any CPU
		{33B1EB22-CDE6-4130-B1B5-D6616E69EEBC}.Release|Any CPU.ActiveCfg = Release|Any CPU
		{33B1EB22-CDE6-4130-B1B5-D6616E69EEBC}.Release|Any CPU.Build.0 = Release|Any CPU
		{02C003E4-AD51-42AF-9CC0-88256E567557}.Debug|Any CPU.ActiveCfg = Debug|Any CPU
		{02C003E4-AD51-42AF-9CC0-88256E567557}.Debug|Any CPU.Build.0 = Debug|Any CPU
		{02C003E4-AD51-42AF-9CC0-88256E567557}.Release|Any CPU.ActiveCfg = Release|Any CPU
		{02C003E4-AD51-42AF-9CC0-88256E567557}.Release|Any CPU.Build.0 = Release|Any CPU
		{0068EA4E-0715-45D9-9E10-298668BFB6A0}.Debug|Any CPU.ActiveCfg = Debug|Any CPU
		{0068EA4E-0715-45D9-9E10-298668BFB6A0}.Debug|Any CPU.Build.0 = Debug|Any CPU
		{0068EA4E-0715-45D9-9E10-298668BFB6A0}.Release|Any CPU.ActiveCfg = Release|Any CPU
		{0068EA4E-0715-45D9-9E10-298668BFB6A0}.Release|Any CPU.Build.0 = Release|Any CPU
		{06F1D87C-776A-490E-8970-D96136D5D654}.Debug|Any CPU.ActiveCfg = Debug|Any CPU
		{06F1D87C-776A-490E-8970-D96136D5D654}.Debug|Any CPU.Build.0 = Debug|Any CPU
		{06F1D87C-776A-490E-8970-D96136D5D654}.Release|Any CPU.ActiveCfg = Release|Any CPU
		{06F1D87C-776A-490E-8970-D96136D5D654}.Release|Any CPU.Build.0 = Release|Any CPU
	EndGlobalSection
	GlobalSection(SolutionProperties) = preSolution
		HideSolutionNode = FALSE
	EndGlobalSection
EndGlobal
